# Prisma Migrate lockfile v1

20200614185430-migracion-inicial
20200614205310-arreglando-un-poco-la-base-de-datos
20200614213347-agregando-estado-en-pedido
20200614220949-cambiando-la-clave-foranea-entre-personal-y-credencial
20200615183747-arreglando-algunas-columnas--producto-y-detalle-compra
20200616105819-agregando-estado-a-tipo-producto
20200710011936-agregando-rol-al-usuario
20200710215224-agregando-estado-a-tipo-producto
20200719001918-cambiado-a-int-el-tipo-de-datos-de-las-series-y-numeros
20200721110458-agregando-monto-a-pedido